
Microsoft Visual Studio Solution File, Format Version 12.00
# Visual Studio Version 17
VisualStudioVersion = 17.5.33502.453
MinimumVisualStudioVersion = 10.0.40219.1
Project("{FAE04EC0-301F-11D3-BF4B-00C04F79EFBC}") = "Game.Console", "Game.Console\Game.Console.csproj", "{DA8E7267-A902-4586-85A8-F4876824BB74}"
EndProject
Project("{FAE04EC0-301F-11D3-BF4B-00C04F79EFBC}") = "Game.Engine", "Game.Engine\Game.Engine.csproj", "{D3D5EF01-C76B-40DF-99FF-053E29D2EB88}"
EndProject
Project("{FAE04EC0-301F-11D3-BF4B-00C04F79EFBC}") = "Game UI", "Game UI\Game UI.csproj", "{203C1B26-60AD-47D2-A430-7D82EB5FDF74}"
EndProject
Global
	GlobalSection(SolutionConfigurationPlatforms) = preSolution
		Debug|Any CPU = Debug|Any CPU
		Release|Any CPU = Release|Any CPU
	EndGlobalSection
	GlobalSection(ProjectConfigurationPlatforms) = postSolution
		{DA8E7267-A902-4586-85A8-F4876824BB74}.Debug|Any CPU.ActiveCfg = Debug|Any CPU
		{DA8E7267-A902-4586-85A8-F4876824BB74}.Debug|Any CPU.Build.0 = Debug|Any CPU
		{DA8E7267-A902-4586-85A8-F4876824BB74}.Release|Any CPU.ActiveCfg = Release|Any CPU
		{DA8E7267-A902-4586-85A8-F4876824BB74}.Release|Any CPU.Build.0 = Release|Any CPU
		{D3D5EF01-C76B-40DF-99FF-053E29D2EB88}.Debug|Any CPU.ActiveCfg = Debug|Any CPU
		{D3D5EF01-C76B-40DF-99FF-053E29D2EB88}.Debug|Any CPU.Build.0 = Debug|Any CPU
		{D3D5EF01-C76B-40DF-99FF-053E29D2EB88}.Release|Any CPU.ActiveCfg = Release|Any CPU
		{D3D5EF01-C76B-40DF-99FF-053E29D2EB88}.Release|Any CPU.Build.0 = Release|Any CPU
		{203C1B26-60AD-47D2-A430-7D82EB5FDF74}.Debug|Any CPU.ActiveCfg = Debug|Any CPU
		{203C1B26-60AD-47D2-A430-7D82EB5FDF74}.Debug|Any CPU.Build.0 = Debug|Any CPU
		{203C1B26-60AD-47D2-A430-7D82EB5FDF74}.Release|Any CPU.ActiveCfg = Release|Any CPU
		{203C1B26-60AD-47D2-A430-7D82EB5FDF74}.Release|Any CPU.Build.0 = Release|Any CPU
	EndGlobalSection
	GlobalSection(SolutionProperties) = preSolution
		HideSolutionNode = FALSE
	EndGlobalSection
	GlobalSection(ExtensibilityGlobals) = postSolution
		SolutionGuid = {5E88C70C-B948-4EC2-A818-D9B8B1AF8FAE}
	EndGlobalSection
EndGlobal
